// !$*UTF8*$!
{
	archiveVersion = 1;
	classes = {
	};
	objectVersion = 50;
	objects = {

/* Begin PBXBuildFile section */
		57FCDB6124D70E8F00C3FD21 /* StrikeApp.swift in Sources */ = {isa = PBXBuildFile; fileRef = 57FCDB6024D70E8F00C3FD21 /* StrikeApp.swift */; };
		57FCDB6324D70E8F00C3FD21 /* ContentView.swift in Sources */ = {isa = PBXBuildFile; fileRef = 57FCDB6224D70E8F00C3FD21 /* ContentView.swift */; };
		57FCDB6524D70E9100C3FD21 /* Assets.xcassets in Resources */ = {isa = PBXBuildFile; fileRef = 57FCDB6424D70E9100C3FD21 /* Assets.xcassets */; };
		57FCDB6824D70E9100C3FD21 /* Preview Assets.xcassets in Resources */ = {isa = PBXBuildFile; fileRef = 57FCDB6724D70E9100C3FD21 /* Preview Assets.xcassets */; };
		57FCDB7424D70E9100C3FD21 /* StrikeTests.swift in Sources */ = {isa = PBXBuildFile; fileRef = 57FCDB7324D70E9100C3FD21 /* StrikeTests.swift */; };
		57FCDB7F24D70E9100C3FD21 /* StrikeUITests.swift in Sources */ = {isa = PBXBuildFile; fileRef = 57FCDB7E24D70E9100C3FD21 /* StrikeUITests.swift */; };
		57FCDB8D24D710D200C3FD21 /* TodoModel.swift in Sources */ = {isa = PBXBuildFile; fileRef = 57FCDB8C24D710D200C3FD21 /* TodoModel.swift */; };
		57FCDB8F24D7139D00C3FD21 /* DetailView.swift in Sources */ = {isa = PBXBuildFile; fileRef = 57FCDB8E24D7139D00C3FD21 /* DetailView.swift */; };
		57FCDB9124D714ED00C3FD21 /* DetailListItem.swift in Sources */ = {isa = PBXBuildFile; fileRef = 57FCDB9024D714ED00C3FD21 /* DetailListItem.swift */; };
		57FCDB9324D7284600C3FD21 /* AddForm.swift in Sources */ = {isa = PBXBuildFile; fileRef = 57FCDB9224D7284600C3FD21 /* AddForm.swift */; };
/* End PBXBuildFile section */

/* Begin PBXContainerItemProxy section */
		57FCDB7024D70E9100C3FD21 /* PBXContainerItemProxy */ = {
			isa = PBXContainerItemProxy;
			containerPortal = 57FCDB5524D70E8F00C3FD21 /* Project object */;
			proxyType = 1;
			remoteGlobalIDString = 57FCDB5C24D70E8F00C3FD21;
			remoteInfo = Strike;
		};
		57FCDB7B24D70E9100C3FD21 /* PBXContainerItemProxy */ = {
			isa = PBXContainerItemProxy;
			containerPortal = 57FCDB5524D70E8F00C3FD21 /* Project object */;
			proxyType = 1;
			remoteGlobalIDString = 57FCDB5C24D70E8F00C3FD21;
			remoteInfo = Strike;
		};
/* End PBXContainerItemProxy section */

/* Begin PBXFileReference section */
		57FCDB5D24D70E8F00C3FD21 /* Strike.app */ = {isa = PBXFileReference; explicitFileType = wrapper.application; includeInIndex = 0; path = Strike.app; sourceTree = BUILT_PRODUCTS_DIR; };
		57FCDB6024D70E8F00C3FD21 /* StrikeApp.swift */ = {isa = PBXFileReference; lastKnownFileType = sourcecode.swift; path = StrikeApp.swift; sourceTree = "<group>"; };
		57FCDB6224D70E8F00C3FD21 /* ContentView.swift */ = {isa = PBXFileReference; lastKnownFileType = sourcecode.swift; path = ContentView.swift; sourceTree = "<group>"; };
		57FCDB6424D70E9100C3FD21 /* Assets.xcassets */ = {isa = PBXFileReference; lastKnownFileType = folder.assetcatalog; path = Assets.xcassets; sourceTree = "<group>"; };
		57FCDB6724D70E9100C3FD21 /* Preview Assets.xcassets */ = {isa = PBXFileReference; lastKnownFileType = folder.assetcatalog; path = "Preview Assets.xcassets"; sourceTree = "<group>"; };
		57FCDB6924D70E9100C3FD21 /* Info.plist */ = {isa = PBXFileReference; lastKnownFileType = text.plist.xml; path = Info.plist; sourceTree = "<group>"; };
		57FCDB6A24D70E9100C3FD21 /* Strike.entitlements */ = {isa = PBXFileReference; lastKnownFileType = text.plist.entitlements; path = Strike.entitlements; sourceTree = "<group>"; };
		57FCDB6F24D70E9100C3FD21 /* StrikeTests.xctest */ = {isa = PBXFileReference; explicitFileType = wrapper.cfbundle; includeInIndex = 0; path = StrikeTests.xctest; sourceTree = BUILT_PRODUCTS_DIR; };
		57FCDB7324D70E9100C3FD21 /* StrikeTests.swift */ = {isa = PBXFileReference; lastKnownFileType = sourcecode.swift; path = StrikeTests.swift; sourceTree = "<group>"; };
		57FCDB7524D70E9100C3FD21 /* Info.plist */ = {isa = PBXFileReference; lastKnownFileType = text.plist.xml; path = Info.plist; sourceTree = "<group>"; };
		57FCDB7A24D70E9100C3FD21 /* StrikeUITests.xctest */ = {isa = PBXFileReference; explicitFileType = wrapper.cfbundle; includeInIndex = 0; path = StrikeUITests.xctest; sourceTree = BUILT_PRODUCTS_DIR; };
		57FCDB7E24D70E9100C3FD21 /* StrikeUITests.swift */ = {isa = PBXFileReference; lastKnownFileType = sourcecode.swift; path = StrikeUITests.swift; sourceTree = "<group>"; };
		57FCDB8024D70E9100C3FD21 /* Info.plist */ = {isa = PBXFileReference; lastKnownFileType = text.plist.xml; path = Info.plist; sourceTree = "<group>"; };
		57FCDB8C24D710D200C3FD21 /* TodoModel.swift */ = {isa = PBXFileReference; lastKnownFileType = sourcecode.swift; path = TodoModel.swift; sourceTree = "<group>"; };
		57FCDB8E24D7139D00C3FD21 /* DetailView.swift */ = {isa = PBXFileReference; lastKnownFileType = sourcecode.swift; path = DetailView.swift; sourceTree = "<group>"; };
		57FCDB9024D714ED00C3FD21 /* DetailListItem.swift */ = {isa = PBXFileReference; lastKnownFileType = sourcecode.swift; path = DetailListItem.swift; sourceTree = "<group>"; };
		57FCDB9224D7284600C3FD21 /* AddForm.swift */ = {isa = PBXFileReference; lastKnownFileType = sourcecode.swift; path = AddForm.swift; sourceTree = "<group>"; };
		57FCDB9424D732BD00C3FD21 /* README.md */ = {isa = PBXFileReference; lastKnownFileType = net.daringfireball.markdown; path = README.md; sourceTree = "<group>"; };
		57FCDB9624D733F100C3FD21 /* shot.png */ = {isa = PBXFileReference; lastKnownFileType = image.png; path = shot.png; sourceTree = "<group>"; };
/* End PBXFileReference section */

/* Begin PBXFrameworksBuildPhase section */
		57FCDB5A24D70E8F00C3FD21 /* Frameworks */ = {
			isa = PBXFrameworksBuildPhase;
			buildActionMask = 2147483647;
			files = (
			);
			runOnlyForDeploymentPostprocessing = 0;
		};
		57FCDB6C24D70E9100C3FD21 /* Frameworks */ = {
			isa = PBXFrameworksBuildPhase;
			buildActionMask = 2147483647;
			files = (
			);
			runOnlyForDeploymentPostprocessing = 0;
		};
		57FCDB7724D70E9100C3FD21 /* Frameworks */ = {
			isa = PBXFrameworksBuildPhase;
			buildActionMask = 2147483647;
			files = (
			);
			runOnlyForDeploymentPostprocessing = 0;
		};
/* End PBXFrameworksBuildPhase section */

/* Begin PBXGroup section */
		57FCDB5424D70E8F00C3FD21 = {
			isa = PBXGroup;
			children = (
				57FCDB9424D732BD00C3FD21 /* README.md */,
				57FCDB5F24D70E8F00C3FD21 /* Strike */,
				57FCDB9524D733C200C3FD21 /* Img */,
				57FCDB7224D70E9100C3FD21 /* StrikeTests */,
				57FCDB7D24D70E9100C3FD21 /* StrikeUITests */,
				57FCDB5E24D70E8F00C3FD21 /* Products */,
			);
			sourceTree = "<group>";
		};
		57FCDB5E24D70E8F00C3FD21 /* Products */ = {
			isa = PBXGroup;
			children = (
				57FCDB5D24D70E8F00C3FD21 /* Strike.app */,
				57FCDB6F24D70E9100C3FD21 /* StrikeTests.xctest */,
				57FCDB7A24D70E9100C3FD21 /* StrikeUITests.xctest */,
			);
			name = Products;
			sourceTree = "<group>";
		};
		57FCDB5F24D70E8F00C3FD21 /* Strike */ = {
			isa = PBXGroup;
			children = (
				57FCDB6024D70E8F00C3FD21 /* StrikeApp.swift */,
				57FCDB6224D70E8F00C3FD21 /* ContentView.swift */,
				57FCDB9224D7284600C3FD21 /* AddForm.swift */,
				57FCDB8E24D7139D00C3FD21 /* DetailView.swift */,
				57FCDB9024D714ED00C3FD21 /* DetailListItem.swift */,
				57FCDB8C24D710D200C3FD21 /* TodoModel.swift */,
				57FCDB6424D70E9100C3FD21 /* Assets.xcassets */,
				57FCDB6924D70E9100C3FD21 /* Info.plist */,
				57FCDB6A24D70E9100C3FD21 /* Strike.entitlements */,
				57FCDB6624D70E9100C3FD21 /* Preview Content */,
			);
			path = Strike;
			sourceTree = "<group>";
		};
		57FCDB6624D70E9100C3FD21 /* Preview Content */ = {
			isa = PBXGroup;
			children = (
				57FCDB6724D70E9100C3FD21 /* Preview Assets.xcassets */,
			);
			path = "Preview Content";
			sourceTree = "<group>";
		};
		57FCDB7224D70E9100C3FD21 /* StrikeTests */ = {
			isa = PBXGroup;
			children = (
				57FCDB7324D70E9100C3FD21 /* StrikeTests.swift */,
				57FCDB7524D70E9100C3FD21 /* Info.plist */,
			);
			path = StrikeTests;
			sourceTree = "<group>";
		};
		57FCDB7D24D70E9100C3FD21 /* StrikeUITests */ = {
			isa = PBXGroup;
			children = (
				57FCDB7E24D70E9100C3FD21 /* StrikeUITests.swift */,
				57FCDB8024D70E9100C3FD21 /* Info.plist */,
			);
			path = StrikeUITests;
			sourceTree = "<group>";
		};
		57FCDB9524D733C200C3FD21 /* Img */ = {
			isa = PBXGroup;
			children = (
				57FCDB9624D733F100C3FD21 /* shot.png */,
			);
			path = Img;
			sourceTree = "<group>";
		};
/* End PBXGroup section */

/* Begin PBXNativeTarget section */
		57FCDB5C24D70E8F00C3FD21 /* Strike */ = {
			isa = PBXNativeTarget;
			buildConfigurationList = 57FCDB8324D70E9100C3FD21 /* Build configuration list for PBXNativeTarget "Strike" */;
			buildPhases = (
				57FCDB5924D70E8F00C3FD21 /* Sources */,
				57FCDB5A24D70E8F00C3FD21 /* Frameworks */,
				57FCDB5B24D70E8F00C3FD21 /* Resources */,
			);
			buildRules = (
			);
			dependencies = (
			);
			name = Strike;
			productName = Strike;
			productReference = 57FCDB5D24D70E8F00C3FD21 /* Strike.app */;
			productType = "com.apple.product-type.application";
		};
		57FCDB6E24D70E9100C3FD21 /* StrikeTests */ = {
			isa = PBXNativeTarget;
			buildConfigurationList = 57FCDB8624D70E9100C3FD21 /* Build configuration list for PBXNativeTarget "StrikeTests" */;
			buildPhases = (
				57FCDB6B24D70E9100C3FD21 /* Sources */,
				57FCDB6C24D70E9100C3FD21 /* Frameworks */,
				57FCDB6D24D70E9100C3FD21 /* Resources */,
			);
			buildRules = (
			);
			dependencies = (
				57FCDB7124D70E9100C3FD21 /* PBXTargetDependency */,
			);
			name = StrikeTests;
			productName = StrikeTests;
			productReference = 57FCDB6F24D70E9100C3FD21 /* StrikeTests.xctest */;
			productType = "com.apple.product-type.bundle.unit-test";
		};
		57FCDB7924D70E9100C3FD21 /* StrikeUITests */ = {
			isa = PBXNativeTarget;
			buildConfigurationList = 57FCDB8924D70E9100C3FD21 /* Build configuration list for PBXNativeTarget "StrikeUITests" */;
			buildPhases = (
				57FCDB7624D70E9100C3FD21 /* Sources */,
				57FCDB7724D70E9100C3FD21 /* Frameworks */,
				57FCDB7824D70E9100C3FD21 /* Resources */,
			);
			buildRules = (
			);
			dependencies = (
				57FCDB7C24D70E9100C3FD21 /* PBXTargetDependency */,
			);
			name = StrikeUITests;
			productName = StrikeUITests;
			productReference = 57FCDB7A24D70E9100C3FD21 /* StrikeUITests.xctest */;
			productType = "com.apple.product-type.bundle.ui-testing";
		};
/* End PBXNativeTarget section */

/* Begin PBXProject section */
		57FCDB5524D70E8F00C3FD21 /* Project object */ = {
			isa = PBXProject;
			attributes = {
				LastSwiftUpdateCheck = 1200;
				LastUpgradeCheck = 1200;
				TargetAttributes = {
					57FCDB5C24D70E8F00C3FD21 = {
						CreatedOnToolsVersion = 12.0;
					};
					57FCDB6E24D70E9100C3FD21 = {
						CreatedOnToolsVersion = 12.0;
						TestTargetID = 57FCDB5C24D70E8F00C3FD21;
					};
					57FCDB7924D70E9100C3FD21 = {
						CreatedOnToolsVersion = 12.0;
						TestTargetID = 57FCDB5C24D70E8F00C3FD21;
					};
				};
			};
			buildConfigurationList = 57FCDB5824D70E8F00C3FD21 /* Build configuration list for PBXProject "Strike" */;
			compatibilityVersion = "Xcode 9.3";
			developmentRegion = en;
			hasScannedForEncodings = 0;
			knownRegions = (
				en,
				Base,
			);
			mainGroup = 57FCDB5424D70E8F00C3FD21;
			productRefGroup = 57FCDB5E24D70E8F00C3FD21 /* Products */;
			projectDirPath = "";
			projectRoot = "";
			targets = (
				57FCDB5C24D70E8F00C3FD21 /* Strike */,
				57FCDB6E24D70E9100C3FD21 /* StrikeTests */,
				57FCDB7924D70E9100C3FD21 /* StrikeUITests */,
			);
		};
/* End PBXProject section */

/* Begin PBXResourcesBuildPhase section */
		57FCDB5B24D70E8F00C3FD21 /* Resources */ = {
			isa = PBXResourcesBuildPhase;
			buildActionMask = 2147483647;
			files = (
				57FCDB6824D70E9100C3FD21 /* Preview Assets.xcassets in Resources */,
				57FCDB6524D70E9100C3FD21 /* Assets.xcassets in Resources */,
			);
			runOnlyForDeploymentPostprocessing = 0;
		};
		57FCDB6D24D70E9100C3FD21 /* Resources */ = {
			isa = PBXResourcesBuildPhase;
			buildActionMask = 2147483647;
			files = (
			);
			runOnlyForDeploymentPostprocessing = 0;
		};
		57FCDB7824D70E9100C3FD21 /* Resources */ = {
			isa = PBXResourcesBuildPhase;
			buildActionMask = 2147483647;
			files = (
			);
			runOnlyForDeploymentPostprocessing = 0;
		};
/* End PBXResourcesBuildPhase section */

/* Begin PBXSourcesBuildPhase section */
		57FCDB5924D70E8F00C3FD21 /* Sources */ = {
			isa = PBXSourcesBuildPhase;
			buildActionMask = 2147483647;
			files = (
				57FCDB8D24D710D200C3FD21 /* TodoModel.swift in Sources */,
				57FCDB8F24D7139D00C3FD21 /* DetailView.swift in Sources */,
				57FCDB6324D70E8F00C3FD21 /* ContentView.swift in Sources */,
				57FCDB6124D70E8F00C3FD21 /* StrikeApp.swift in Sources */,
				57FCDB9124D714ED00C3FD21 /* DetailListItem.swift in Sources */,
				57FCDB9324D7284600C3FD21 /* AddForm.swift in Sources */,
			);
			runOnlyForDeploymentPostprocessing = 0;
		};
		57FCDB6B24D70E9100C3FD21 /* Sources */ = {
			isa = PBXSourcesBuildPhase;
			buildActionMask = 2147483647;
			files = (
				57FCDB7424D70E9100C3FD21 /* StrikeTests.swift in Sources */,
			);
			runOnlyForDeploymentPostprocessing = 0;
		};
		57FCDB7624D70E9100C3FD21 /* Sources */ = {
			isa = PBXSourcesBuildPhase;
			buildActionMask = 2147483647;
			files = (
				57FCDB7F24D70E9100C3FD21 /* StrikeUITests.swift in Sources */,
			);
			runOnlyForDeploymentPostprocessing = 0;
		};
/* End PBXSourcesBuildPhase section */

/* Begin PBXTargetDependency section */
		57FCDB7124D70E9100C3FD21 /* PBXTargetDependency */ = {
			isa = PBXTargetDependency;
			target = 57FCDB5C24D70E8F00C3FD21 /* Strike */;
			targetProxy = 57FCDB7024D70E9100C3FD21 /* PBXContainerItemProxy */;
		};
		57FCDB7C24D70E9100C3FD21 /* PBXTargetDependency */ = {
			isa = PBXTargetDependency;
			target = 57FCDB5C24D70E8F00C3FD21 /* Strike */;
			targetProxy = 57FCDB7B24D70E9100C3FD21 /* PBXContainerItemProxy */;
		};
/* End PBXTargetDependency section */

/* Begin XCBuildConfiguration section */
		57FCDB8124D70E9100C3FD21 /* Debug */ = {
			isa = XCBuildConfiguration;
			buildSettings = {
				ALWAYS_SEARCH_USER_PATHS = NO;
				CLANG_ANALYZER_NONNULL = YES;
				CLANG_ANALYZER_NUMBER_OBJECT_CONVERSION = YES_AGGRESSIVE;
				CLANG_CXX_LANGUAGE_STANDARD = "gnu++14";
				CLANG_CXX_LIBRARY = "libc++";
				CLANG_ENABLE_MODULES = YES;
				CLANG_ENABLE_OBJC_ARC = YES;
				CLANG_ENABLE_OBJC_WEAK = YES;
				CLANG_WARN_BLOCK_CAPTURE_AUTORELEASING = YES;
				CLANG_WARN_BOOL_CONVERSION = YES;
				CLANG_WARN_COMMA = YES;
				CLANG_WARN_CONSTANT_CONVERSION = YES;
				CLANG_WARN_DEPRECATED_OBJC_IMPLEMENTATIONS = YES;
				CLANG_WARN_DIRECT_OBJC_ISA_USAGE = YES_ERROR;
				CLANG_WARN_DOCUMENTATION_COMMENTS = YES;
				CLANG_WARN_EMPTY_BODY = YES;
				CLANG_WARN_ENUM_CONVERSION = YES;
				CLANG_WARN_INFINITE_RECURSION = YES;
				CLANG_WARN_INT_CONVERSION = YES;
				CLANG_WARN_NON_LITERAL_NULL_CONVERSION = YES;
				CLANG_WARN_OBJC_IMPLICIT_RETAIN_SELF = YES;
				CLANG_WARN_OBJC_LITERAL_CONVERSION = YES;
				CLANG_WARN_OBJC_ROOT_CLASS = YES_ERROR;
				CLANG_WARN_QUOTED_INCLUDE_IN_FRAMEWORK_HEADER = YES;
				CLANG_WARN_RANGE_LOOP_ANALYSIS = YES;
				CLANG_WARN_STRICT_PROTOTYPES = YES;
				CLANG_WARN_SUSPICIOUS_MOVE = YES;
				CLANG_WARN_UNGUARDED_AVAILABILITY = YES_AGGRESSIVE;
				CLANG_WARN_UNREACHABLE_CODE = YES;
				CLANG_WARN__DUPLICATE_METHOD_MATCH = YES;
				COPY_PHASE_STRIP = NO;
				DEBUG_INFORMATION_FORMAT = dwarf;
				ENABLE_STRICT_OBJC_MSGSEND = YES;
				ENABLE_TESTABILITY = YES;
				GCC_C_LANGUAGE_STANDARD = gnu11;
				GCC_DYNAMIC_NO_PIC = NO;
				GCC_NO_COMMON_BLOCKS = YES;
				GCC_OPTIMIZATION_LEVEL = 0;
				GCC_PREPROCESSOR_DEFINITIONS = (
					"DEBUG=1",
					"$(inherited)",
				);
				GCC_WARN_64_TO_32_BIT_CONVERSION = YES;
				GCC_WARN_ABOUT_RETURN_TYPE = YES_ERROR;
				GCC_WARN_UNDECLARED_SELECTOR = YES;
				GCC_WARN_UNINITIALIZED_AUTOS = YES_AGGRESSIVE;
				GCC_WARN_UNUSED_FUNCTION = YES;
				GCC_WARN_UNUSED_VARIABLE = YES;
				MACOSX_DEPLOYMENT_TARGET = 11.0;
				MTL_ENABLE_DEBUG_INFO = INCLUDE_SOURCE;
				MTL_FAST_MATH = YES;
				ONLY_ACTIVE_ARCH = YES;
				SDKROOT = macosx;
				SWIFT_ACTIVE_COMPILATION_CONDITIONS = DEBUG;
				SWIFT_OPTIMIZATION_LEVEL = "-Onone";
			};
			name = Debug;
		};
		57FCDB8224D70E9100C3FD21 /* Release */ = {
			isa = XCBuildConfiguration;
			buildSettings = {
				ALWAYS_SEARCH_USER_PATHS = NO;
				CLANG_ANALYZER_NONNULL = YES;
				CLANG_ANALYZER_NUMBER_OBJECT_CONVERSION = YES_AGGRESSIVE;
				CLANG_CXX_LANGUAGE_STANDARD = "gnu++14";
				CLANG_CXX_LIBRARY = "libc++";
				CLANG_ENABLE_MODULES = YES;
				CLANG_ENABLE_OBJC_ARC = YES;
				CLANG_ENABLE_OBJC_WEAK = YES;
				CLANG_WARN_BLOCK_CAPTURE_AUTORELEASING = YES;
				CLANG_WARN_BOOL_CONVERSION = YES;
				CLANG_WARN_COMMA = YES;
				CLANG_WARN_CONSTANT_CONVERSION = YES;
				CLANG_WARN_DEPRECATED_OBJC_IMPLEMENTATIONS = YES;
				CLANG_WARN_DIRECT_OBJC_ISA_USAGE = YES_ERROR;
				CLANG_WARN_DOCUMENTATION_COMMENTS = YES;
				CLANG_WARN_EMPTY_BODY = YES;
				CLANG_WARN_ENUM_CONVERSION = YES;
				CLANG_WARN_INFINITE_RECURSION = YES;
				CLANG_WARN_INT_CONVERSION = YES;
				CLANG_WARN_NON_LITERAL_NULL_CONVERSION = YES;
				CLANG_WARN_OBJC_IMPLICIT_RETAIN_SELF = YES;
				CLANG_WARN_OBJC_LITERAL_CONVERSION = YES;
				CLANG_WARN_OBJC_ROOT_CLASS = YES_ERROR;
				CLANG_WARN_QUOTED_INCLUDE_IN_FRAMEWORK_HEADER = YES;
				CLANG_WARN_RANGE_LOOP_ANALYSIS = YES;
				CLANG_WARN_STRICT_PROTOTYPES = YES;
				CLANG_WARN_SUSPICIOUS_MOVE = YES;
				CLANG_WARN_UNGUARDED_AVAILABILITY = YES_AGGRESSIVE;
				CLANG_WARN_UNREACHABLE_CODE = YES;
				CLANG_WARN__DUPLICATE_METHOD_MATCH = YES;
				COPY_PHASE_STRIP = NO;
				DEBUG_INFORMATION_FORMAT = "dwarf-with-dsym";
				ENABLE_NS_ASSERTIONS = NO;
				ENABLE_STRICT_OBJC_MSGSEND = YES;
				GCC_C_LANGUAGE_STANDARD = gnu11;
				GCC_NO_COMMON_BLOCKS = YES;
				GCC_WARN_64_TO_32_BIT_CONVERSION = YES;
				GCC_WARN_ABOUT_RETURN_TYPE = YES_ERROR;
				GCC_WARN_UNDECLARED_SELECTOR = YES;
				GCC_WARN_UNINITIALIZED_AUTOS = YES_AGGRESSIVE;
				GCC_WARN_UNUSED_FUNCTION = YES;
				GCC_WARN_UNUSED_VARIABLE = YES;
				MACOSX_DEPLOYMENT_TARGET = 11.0;
				MTL_ENABLE_DEBUG_INFO = NO;
				MTL_FAST_MATH = YES;
				SDKROOT = macosx;
				SWIFT_COMPILATION_MODE = wholemodule;
				SWIFT_OPTIMIZATION_LEVEL = "-O";
			};
			name = Release;
		};
		57FCDB8424D70E9100C3FD21 /* Debug */ = {
			isa = XCBuildConfiguration;
			buildSettings = {
				ASSETCATALOG_COMPILER_APPICON_NAME = AppIcon;
				ASSETCATALOG_COMPILER_GLOBAL_ACCENT_COLOR_NAME = AccentColor;
				CODE_SIGN_ENTITLEMENTS = Strike/Strike.entitlements;
				CODE_SIGN_STYLE = Automatic;
				COMBINE_HIDPI_IMAGES = YES;
				DEVELOPMENT_ASSET_PATHS = "\"Strike/Preview Content\"";
				DEVELOPMENT_TEAM = 3C42F7N9CQ;
				ENABLE_HARDENED_RUNTIME = YES;
				ENABLE_PREVIEWS = YES;
				INFOPLIST_FILE = Strike/Info.plist;
				LD_RUNPATH_SEARCH_PATHS = (
					"$(inherited)",
					"@executable_path/../Frameworks",
				);
				MACOSX_DEPLOYMENT_TARGET = 11.0;
				PRODUCT_BUNDLE_IDENTIFIER = co.jossy.Strike;
				PRODUCT_NAME = "$(TARGET_NAME)";
				SWIFT_VERSION = 5.0;
			};
			name = Debug;
		};
		57FCDB8524D70E9100C3FD21 /* Release */ = {
			isa = XCBuildConfiguration;
			buildSettings = {
				ASSETCATALOG_COMPILER_APPICON_NAME = AppIcon;
				ASSETCATALOG_COMPILER_GLOBAL_ACCENT_COLOR_NAME = AccentColor;
				CODE_SIGN_ENTITLEMENTS = Strike/Strike.entitlements;
				CODE_SIGN_STYLE = Automatic;
				COMBINE_HIDPI_IMAGES = YES;
				DEVELOPMENT_ASSET_PATHS = "\"Strike/Preview Content\"";
				DEVELOPMENT_TEAM = 3C42F7N9CQ;
				ENABLE_HARDENED_RUNTIME = YES;
				ENABLE_PREVIEWS = YES;
				INFOPLIST_FILE = Strike/Info.plist;
				LD_RUNPATH_SEARCH_PATHS = (
					"$(inherited)",
					"@executable_path/../Frameworks",
				);
				MACOSX_DEPLOYMENT_TARGET = 11.0;
				PRODUCT_BUNDLE_IDENTIFIER = co.jossy.Strike;
				PRODUCT_NAME = "$(TARGET_NAME)";
				SWIFT_VERSION = 5.0;
			};
			name = Release;
		};
		57FCDB8724D70E9100C3FD21 /* Debug */ = {
			isa = XCBuildConfiguration;
			buildSettings = {
				ALWAYS_EMBED_SWIFT_STANDARD_LIBRARIES = YES;
				BUNDLE_LOADER = "$(TEST_HOST)";
				CODE_SIGN_STYLE = Automatic;
				COMBINE_HIDPI_IMAGES = YES;
				DEVELOPMENT_TEAM = 3C42F7N9CQ;
				INFOPLIST_FILE = StrikeTests/Info.plist;
				LD_RUNPATH_SEARCH_PATHS = (
					"$(inherited)",
					"@executable_path/../Frameworks",
					"@loader_path/../Frameworks",
				);
				MACOSX_DEPLOYMENT_TARGET = 11.0;
				PRODUCT_BUNDLE_IDENTIFIER = co.jossy.StrikeTests;
				PRODUCT_NAME = "$(TARGET_NAME)";
				SWIFT_VERSION = 5.0;
				TEST_HOST = "$(BUILT_PRODUCTS_DIR)/Strike.app/Contents/MacOS/Strike";
			};
			name = Debug;
		};
		57FCDB8824D70E9100C3FD21 /* Release */ = {
			isa = XCBuildConfiguration;
			buildSettings = {
				ALWAYS_EMBED_SWIFT_STANDARD_LIBRARIES = YES;
				BUNDLE_LOADER = "$(TEST_HOST)";
				CODE_SIGN_STYLE = Automatic;
				COMBINE_HIDPI_IMAGES = YES;
				DEVELOPMENT_TEAM = 3C42F7N9CQ;
				INFOPLIST_FILE = StrikeTests/Info.plist;
				LD_RUNPATH_SEARCH_PATHS = (
					"$(inherited)",
					"@executable_path/../Frameworks",
					"@loader_path/../Frameworks",
				);
				MACOSX_DEPLOYMENT_TARGET = 11.0;
				PRODUCT_BUNDLE_IDENTIFIER = co.jossy.StrikeTests;
				PRODUCT_NAME = "$(TARGET_NAME)";
				SWIFT_VERSION = 5.0;
				TEST_HOST = "$(BUILT_PRODUCTS_DIR)/Strike.app/Contents/MacOS/Strike";
			};
			name = Release;
		};
		57FCDB8A24D70E9100C3FD21 /* Debug */ = {
			isa = XCBuildConfiguration;
			buildSettings = {
				ALWAYS_EMBED_SWIFT_STANDARD_LIBRARIES = YES;
				CODE_SIGN_STYLE = Automatic;
				COMBINE_HIDPI_IMAGES = YES;
				DEVELOPMENT_TEAM = 3C42F7N9CQ;
				INFOPLIST_FILE = StrikeUITests/Info.plist;
				LD_RUNPATH_SEARCH_PATHS = (
					"$(inherited)",
					"@executable_path/../Frameworks",
					"@loader_path/../Frameworks",
				);
				PRODUCT_BUNDLE_IDENTIFIER = co.jossy.StrikeUITests;
				PRODUCT_NAME = "$(TARGET_NAME)";
				SWIFT_VERSION = 5.0;
				TEST_TARGET_NAME = Strike;
			};
			name = Debug;
		};
		57FCDB8B24D70E9100C3FD21 /* Release */ = {
			isa = XCBuildConfiguration;
			buildSettings = {
				ALWAYS_EMBED_SWIFT_STANDARD_LIBRARIES = YES;
				CODE_SIGN_STYLE = Automatic;
				COMBINE_HIDPI_IMAGES = YES;
				DEVELOPMENT_TEAM = 3C42F7N9CQ;
				INFOPLIST_FILE = StrikeUITests/Info.plist;
				LD_RUNPATH_SEARCH_PATHS = (
					"$(inherited)",
					"@executable_path/../Frameworks",
					"@loader_path/../Frameworks",
				);
				PRODUCT_BUNDLE_IDENTIFIER = co.jossy.StrikeUITests;
				PRODUCT_NAME = "$(TARGET_NAME)";
				SWIFT_VERSION = 5.0;
				TEST_TARGET_NAME = Strike;
			};
			name = Release;
		};
/* End XCBuildConfiguration section */

/* Begin XCConfigurationList section */
		57FCDB5824D70E8F00C3FD21 /* Build configuration list for PBXProject "Strike" */ = {
			isa = XCConfigurationList;
			buildConfigurations = (
				57FCDB8124D70E9100C3FD21 /* Debug */,
				57FCDB8224D70E9100C3FD21 /* Release */,
			);
			defaultConfigurationIsVisible = 0;
			defaultConfigurationName = Release;
		};
		57FCDB8324D70E9100C3FD21 /* Build configuration list for PBXNativeTarget "Strike" */ = {
			isa = XCConfigurationList;
			buildConfigurations = (
				57FCDB8424D70E9100C3FD21 /* Debug */,
				57FCDB8524D70E9100C3FD21 /* Release */,
			);
			defaultConfigurationIsVisible = 0;
			defaultConfigurationName = Release;
		};
		57FCDB8624D70E9100C3FD21 /* Build configuration list for PBXNativeTarget "StrikeTests" */ = {
			isa = XCConfigurationList;
			buildConfigurations = (
				57FCDB8724D70E9100C3FD21 /* Debug */,
				57FCDB8824D70E9100C3FD21 /* Release */,
			);
			defaultConfigurationIsVisible = 0;
			defaultConfigurationName = Release;
		};
		57FCDB8924D70E9100C3FD21 /* Build configuration list for PBXNativeTarget "StrikeUITests" */ = {
			isa = XCConfigurationList;
			buildConfigurations = (
				57FCDB8A24D70E9100C3FD21 /* Debug */,
				57FCDB8B24D70E9100C3FD21 /* Release */,
			);
			defaultConfigurationIsVisible = 0;
			defaultConfigurationName = Release;
		};
/* End XCConfigurationList section */
	};
	rootObject = 57FCDB5524D70E8F00C3FD21 /* Project object */;
}
